
Microsoft Visual Studio Solution File, Format Version 12.00
# Visual Studio Version 16
VisualStudioVersion = 25.0.1704.2
MinimumVisualStudioVersion = 10.0.40219.1
Project("{FAE04EC0-301F-11D3-BF4B-00C04F79EFBC}") = "deliverable_1", "deliverable_1.csproj", "{A31D2F9C-566C-41DA-A13E-E474944E619C}"
EndProject
Global
	GlobalSection(SolutionConfigurationPlatforms) = preSolution
		Debug|Any CPU = Debug|Any CPU
		Release|Any CPU = Release|Any CPU
	EndGlobalSection
	GlobalSection(ProjectConfigurationPlatforms) = postSolution
		{A31D2F9C-566C-41DA-A13E-E474944E619C}.Debug|Any CPU.ActiveCfg = Debug|Any CPU
		{A31D2F9C-566C-41DA-A13E-E474944E619C}.Debug|Any CPU.Build.0 = Debug|Any CPU
		{A31D2F9C-566C-41DA-A13E-E474944E619C}.Release|Any CPU.ActiveCfg = Release|Any CPU
		{A31D2F9C-566C-41DA-A13E-E474944E619C}.Release|Any CPU.Build.0 = Release|Any CPU
	EndGlobalSection
	GlobalSection(SolutionProperties) = preSolution
		HideSolutionNode = FALSE
	EndGlobalSection
	GlobalSection(ExtensibilityGlobals) = postSolution
		SolutionGuid = {2E6A320F-0277-40B5-BB85-443FAFCEE0EF}
	EndGlobalSection
EndGlobal
